
Microsoft Visual Studio Solution File, Format Version 12.00
# Visual Studio Version 17
VisualStudioVersion = 17.8.34330.188
MinimumVisualStudioVersion = 10.0.40219.1
Project("{9A19103F-16F7-4668-BE54-9A1E7A4F7556}") = "Scaler.Server", "Scaler.Server\Scaler.Server.csproj", "{E1205C91-58FF-4421-8F11-C735425EE045}"
EndProject
Project("{9A19103F-16F7-4668-BE54-9A1E7A4F7556}") = "Scaler.Core", "Scaler.Core\Scaler.Core.csproj", "{894B6ACE-53DD-49C2-B071-BDBEED8A02B2}"
EndProject
Project("{54A90642-561A-4BB1-A94E-469ADEE60C69}") = "scaler.client", "scaler.client\scaler.client.esproj", "{2B2950F4-B3AE-4A44-AFBE-A140CBB26EA6}"
EndProject
Project("{2150E333-8FDC-42A3-9474-1A3956D46DE8}") = "Solution Items", "Solution Items", "{4BA82DE1-6406-447D-820F-B30C45F4A7F2}"
	ProjectSection(SolutionItems) = preProject
		.gitignore = .gitignore
		LICENSE = LICENSE
		README.md = README.md
	EndProjectSection
EndProject
Project("{9A19103F-16F7-4668-BE54-9A1E7A4F7556}") = "Scaler.Product", "Scaler.Product\Scaler.Product.csproj", "{32DB1BAE-011E-4AD6-B2C8-B58152460A15}"
EndProject
Project("{FAE04EC0-301F-11D3-BF4B-00C04F79EFBC}") = "Scaler.Notification", "Scaler.Notification\Scaler.Notification.csproj", "{A72AE377-64DB-4DBC-9813-C92353AB97A8}"
EndProject
Project("{FAE04EC0-301F-11D3-BF4B-00C04F79EFBC}") = "Scaler.ServiceBusMessaging", "Scaler.ServiceBusMessaging\Scaler.ServiceBusMessaging.csproj", "{9E72928D-8058-40FB-9217-753BE688620B}"
EndProject
Project("{FAE04EC0-301F-11D3-BF4B-00C04F79EFBC}") = "Scaler.AppHost", "Scaler.AppHost\Scaler.AppHost.csproj", "{487BDE0E-808B-47A8-8BEC-50A56F9C4902}"
EndProject
Project("{FAE04EC0-301F-11D3-BF4B-00C04F79EFBC}") = "Scaler.ServiceDefaults", "Scaler.ServiceDefaults\Scaler.ServiceDefaults.csproj", "{5E2AC0D6-D075-442B-BC7E-2BA31868FDFC}"
EndProject
Global
	GlobalSection(SolutionConfigurationPlatforms) = preSolution
		Debug|Any CPU = Debug|Any CPU
		Release|Any CPU = Release|Any CPU
	EndGlobalSection
	GlobalSection(ProjectConfigurationPlatforms) = postSolution
		{E1205C91-58FF-4421-8F11-C735425EE045}.Debug|Any CPU.ActiveCfg = Debug|Any CPU
		{E1205C91-58FF-4421-8F11-C735425EE045}.Debug|Any CPU.Build.0 = Debug|Any CPU
		{E1205C91-58FF-4421-8F11-C735425EE045}.Release|Any CPU.ActiveCfg = Release|Any CPU
		{E1205C91-58FF-4421-8F11-C735425EE045}.Release|Any CPU.Build.0 = Release|Any CPU
		{894B6ACE-53DD-49C2-B071-BDBEED8A02B2}.Debug|Any CPU.ActiveCfg = Debug|Any CPU
		{894B6ACE-53DD-49C2-B071-BDBEED8A02B2}.Debug|Any CPU.Build.0 = Debug|Any CPU
		{894B6ACE-53DD-49C2-B071-BDBEED8A02B2}.Release|Any CPU.ActiveCfg = Release|Any CPU
		{894B6ACE-53DD-49C2-B071-BDBEED8A02B2}.Release|Any CPU.Build.0 = Release|Any CPU
		{2B2950F4-B3AE-4A44-AFBE-A140CBB26EA6}.Debug|Any CPU.ActiveCfg = Debug|Any CPU
		{2B2950F4-B3AE-4A44-AFBE-A140CBB26EA6}.Debug|Any CPU.Build.0 = Debug|Any CPU
		{2B2950F4-B3AE-4A44-AFBE-A140CBB26EA6}.Debug|Any CPU.Deploy.0 = Debug|Any CPU
		{2B2950F4-B3AE-4A44-AFBE-A140CBB26EA6}.Release|Any CPU.ActiveCfg = Release|Any CPU
		{2B2950F4-B3AE-4A44-AFBE-A140CBB26EA6}.Release|Any CPU.Build.0 = Release|Any CPU
		{2B2950F4-B3AE-4A44-AFBE-A140CBB26EA6}.Release|Any CPU.Deploy.0 = Release|Any CPU
		{32DB1BAE-011E-4AD6-B2C8-B58152460A15}.Debug|Any CPU.ActiveCfg = Debug|Any CPU
		{32DB1BAE-011E-4AD6-B2C8-B58152460A15}.Debug|Any CPU.Build.0 = Debug|Any CPU
		{32DB1BAE-011E-4AD6-B2C8-B58152460A15}.Release|Any CPU.ActiveCfg = Release|Any CPU
		{32DB1BAE-011E-4AD6-B2C8-B58152460A15}.Release|Any CPU.Build.0 = Release|Any CPU
		{A72AE377-64DB-4DBC-9813-C92353AB97A8}.Debug|Any CPU.ActiveCfg = Debug|Any CPU
		{A72AE377-64DB-4DBC-9813-C92353AB97A8}.Debug|Any CPU.Build.0 = Debug|Any CPU
		{A72AE377-64DB-4DBC-9813-C92353AB97A8}.Release|Any CPU.ActiveCfg = Release|Any CPU
		{A72AE377-64DB-4DBC-9813-C92353AB97A8}.Release|Any CPU.Build.0 = Release|Any CPU
		{9E72928D-8058-40FB-9217-753BE688620B}.Debug|Any CPU.ActiveCfg = Debug|Any CPU
		{9E72928D-8058-40FB-9217-753BE688620B}.Debug|Any CPU.Build.0 = Debug|Any CPU
		{9E72928D-8058-40FB-9217-753BE688620B}.Release|Any CPU.ActiveCfg = Release|Any CPU
		{9E72928D-8058-40FB-9217-753BE688620B}.Release|Any CPU.Build.0 = Release|Any CPU
		{487BDE0E-808B-47A8-8BEC-50A56F9C4902}.Debug|Any CPU.ActiveCfg = Debug|Any CPU
		{487BDE0E-808B-47A8-8BEC-50A56F9C4902}.Debug|Any CPU.Build.0 = Debug|Any CPU
		{487BDE0E-808B-47A8-8BEC-50A56F9C4902}.Release|Any CPU.ActiveCfg = Release|Any CPU
		{487BDE0E-808B-47A8-8BEC-50A56F9C4902}.Release|Any CPU.Build.0 = Release|Any CPU
		{5E2AC0D6-D075-442B-BC7E-2BA31868FDFC}.Debug|Any CPU.ActiveCfg = Debug|Any CPU
		{5E2AC0D6-D075-442B-BC7E-2BA31868FDFC}.Debug|Any CPU.Build.0 = Debug|Any CPU
		{5E2AC0D6-D075-442B-BC7E-2BA31868FDFC}.Release|Any CPU.ActiveCfg = Release|Any CPU
		{5E2AC0D6-D075-442B-BC7E-2BA31868FDFC}.Release|Any CPU.Build.0 = Release|Any CPU
	EndGlobalSection
	GlobalSection(SolutionProperties) = preSolution
		HideSolutionNode = FALSE
	EndGlobalSection
	GlobalSection(ExtensibilityGlobals) = postSolution
		SolutionGuid = {FE13411E-AFBF-47D7-9B88-474393517A24}
	EndGlobalSection
EndGlobal
